// !$*UTF8*$!
{
	archiveVersion = 1;
	classes = {
	};
	objectVersion = 56;
	objects = {

/* Begin PBXBuildFile section */
		D30CE7C42BA4DD9A00B28F67 /* EventCardView.swift in Sources */ = {isa = PBXBuildFile; fileRef = D30CE7C32BA4DD9A00B28F67 /* EventCardView.swift */; };
		D31D2A6A2C95EC0D00D21BA3 /* FirebaseAnalytics in Frameworks */ = {isa = PBXBuildFile; productRef = D31D2A692C95EC0D00D21BA3 /* FirebaseAnalytics */; };
		D31D2A6C2C95EC0D00D21BA3 /* FirebaseCrashlytics in Frameworks */ = {isa = PBXBuildFile; productRef = D31D2A6B2C95EC0D00D21BA3 /* FirebaseCrashlytics */; };
		D31D2A6E2C95EC0D00D21BA3 /* FirebasePerformance in Frameworks */ = {isa = PBXBuildFile; productRef = D31D2A6D2C95EC0D00D21BA3 /* FirebasePerformance */; };
		D31D2A732C95EF4000D21BA3 /* GoogleService-Info.plist in Resources */ = {isa = PBXBuildFile; fileRef = D31D2A722C95EF4000D21BA3 /* GoogleService-Info.plist */; };
		D31FBCF62B8D199200C10F9D /* TextInput.swift in Sources */ = {isa = PBXBuildFile; fileRef = D31FBCF52B8D199200C10F9D /* TextInput.swift */; };
		D31FBCF82B8D1CC500C10F9D /* PlantEnums.swift in Sources */ = {isa = PBXBuildFile; fileRef = D31FBCF72B8D1CC500C10F9D /* PlantEnums.swift */; };
		D31FBCFA2B8D1F4D00C10F9D /* ButtonPill.swift in Sources */ = {isa = PBXBuildFile; fileRef = D31FBCF92B8D1F4D00C10F9D /* ButtonPill.swift */; };
		D31FBCFC2B8D205300C10F9D /* ButtonPillRow.swift in Sources */ = {isa = PBXBuildFile; fileRef = D31FBCFB2B8D205300C10F9D /* ButtonPillRow.swift */; };
		D3243A052CA35519004873C0 /* ChevronRight.swift in Sources */ = {isa = PBXBuildFile; fileRef = D3243A042CA35519004873C0 /* ChevronRight.swift */; };
		D3385B432B164C330055234B /* Color.swift in Sources */ = {isa = PBXBuildFile; fileRef = D3385B422B164C330055234B /* Color.swift */; };
		D3385B5C2B165E9D0055234B /* Handjet-Regular.ttf in Resources */ = {isa = PBXBuildFile; fileRef = D3385B582B165E9D0055234B /* Handjet-Regular.ttf */; };
		D3385B5D2B165E9D0055234B /* Handjet-Bold.ttf in Resources */ = {isa = PBXBuildFile; fileRef = D3385B592B165E9D0055234B /* Handjet-Bold.ttf */; };
		D3385B5E2B165E9D0055234B /* Handjet-Medium.ttf in Resources */ = {isa = PBXBuildFile; fileRef = D3385B5A2B165E9D0055234B /* Handjet-Medium.ttf */; };
		D3385B5F2B165E9D0055234B /* Handjet-ExtraBold.ttf in Resources */ = {isa = PBXBuildFile; fileRef = D3385B5B2B165E9D0055234B /* Handjet-ExtraBold.ttf */; };
		D3385B6B2B16DEC80055234B /* Font.swift in Sources */ = {isa = PBXBuildFile; fileRef = D3385B6A2B16DEC80055234B /* Font.swift */; };
		D3385B6D2B16EB1F0055234B /* HomeView.swift in Sources */ = {isa = PBXBuildFile; fileRef = D3385B6C2B16EB1F0055234B /* HomeView.swift */; };
		D3385B732B16F0420055234B /* PlantCardView.swift in Sources */ = {isa = PBXBuildFile; fileRef = D3385B722B16F0420055234B /* PlantCardView.swift */; };
		D338A1E42B71D83300E3676E /* Date.swift in Sources */ = {isa = PBXBuildFile; fileRef = D338A1E32B71D83300E3676E /* Date.swift */; };
		D33D61F72BAB65FE00C15B7D /* ButtonRounded.swift in Sources */ = {isa = PBXBuildFile; fileRef = D33D61F62BAB65FE00C15B7D /* ButtonRounded.swift */; };
		D349D9DF2BE2E4EC0081ABE5 /* UpdateStageView.swift in Sources */ = {isa = PBXBuildFile; fileRef = D349D9DE2BE2E4EC0081ABE5 /* UpdateStageView.swift */; };
		D349D9E12BE2E7A30081ABE5 /* CardSelectable.swift in Sources */ = {isa = PBXBuildFile; fileRef = D349D9E02BE2E7A30081ABE5 /* CardSelectable.swift */; };
		D349D9E32BE2EF4D0081ABE5 /* TextPill.swift in Sources */ = {isa = PBXBuildFile; fileRef = D349D9E22BE2EF4D0081ABE5 /* TextPill.swift */; };
		D3564EA92C0852AB0045BDBC /* CategorySelectionView.swift in Sources */ = {isa = PBXBuildFile; fileRef = D3564EA82C0852AB0045BDBC /* CategorySelectionView.swift */; };
		D3564EAB2C0852BA0045BDBC /* CategoryCreationView.swift in Sources */ = {isa = PBXBuildFile; fileRef = D3564EAA2C0852BA0045BDBC /* CategoryCreationView.swift */; };
		D35FFAB72BFC3421002D25D8 /* AddTaskView.swift in Sources */ = {isa = PBXBuildFile; fileRef = D35FFAB62BFC3421002D25D8 /* AddTaskView.swift */; };
		D35FFAC92BFD5585002D25D8 /* TasksView.swift in Sources */ = {isa = PBXBuildFile; fileRef = D35FFAC82BFD5585002D25D8 /* TasksView.swift */; };
		D36D58262B156DD100E541E4 /* SeedlingApp.swift in Sources */ = {isa = PBXBuildFile; fileRef = D36D58252B156DD100E541E4 /* SeedlingApp.swift */; };
		D36D582A2B156DD200E541E4 /* Assets.xcassets in Resources */ = {isa = PBXBuildFile; fileRef = D36D58292B156DD200E541E4 /* Assets.xcassets */; };
		D36D582D2B156DD200E541E4 /* Preview Assets.xcassets in Resources */ = {isa = PBXBuildFile; fileRef = D36D582C2B156DD200E541E4 /* Preview Assets.xcassets */; };
		D37706B72BFEC37B005179E3 /* TaskRowView.swift in Sources */ = {isa = PBXBuildFile; fileRef = D37706B62BFEC37B005179E3 /* TaskRowView.swift */; };
		D37A30CD2C2B828500633D83 /* FileManager.swift in Sources */ = {isa = PBXBuildFile; fileRef = D37A30CC2C2B828500633D83 /* FileManager.swift */; };
		D37A30CF2C2B8B1200633D83 /* ImagePickerService.swift in Sources */ = {isa = PBXBuildFile; fileRef = D37A30CE2C2B8B1200633D83 /* ImagePickerService.swift */; };
		D37A30D22C2DFD7F00633D83 /* PhotoService.swift in Sources */ = {isa = PBXBuildFile; fileRef = D37A30D12C2DFD7F00633D83 /* PhotoService.swift */; };
		D37A30D42C2E058000633D83 /* Photo+Extension.swift in Sources */ = {isa = PBXBuildFile; fileRef = D37A30D32C2E058000633D83 /* Photo+Extension.swift */; };
		D37A30D72C34A66A00633D83 /* PhotoCardView.swift in Sources */ = {isa = PBXBuildFile; fileRef = D37A30D62C34A66A00633D83 /* PhotoCardView.swift */; };
		D37A30E42C34CD5800633D83 /* EditPhotoViewModel.swift in Sources */ = {isa = PBXBuildFile; fileRef = D37A30E32C34CD5800633D83 /* EditPhotoViewModel.swift */; };
		D37A30E62C34CD6100633D83 /* EditPhotoView.swift in Sources */ = {isa = PBXBuildFile; fileRef = D37A30E52C34CD6100633D83 /* EditPhotoView.swift */; };
		D37A30E82C3DA11700633D83 /* EditPhotoMode.swift in Sources */ = {isa = PBXBuildFile; fileRef = D37A30E72C3DA11700633D83 /* EditPhotoMode.swift */; };
		D38AB78E2BBF2605006B015B /* MenuKebab.swift in Sources */ = {isa = PBXBuildFile; fileRef = D38AB78D2BBF2605006B015B /* MenuKebab.swift */; };
		D38AB7902BBF6F95006B015B /* PlantPost.swift in Sources */ = {isa = PBXBuildFile; fileRef = D38AB78F2BBF6F95006B015B /* PlantPost.swift */; };
		D39187CC2BF5248100A7B375 /* EditGeneralDetailsCardView.swift in Sources */ = {isa = PBXBuildFile; fileRef = D39187CB2BF5248100A7B375 /* EditGeneralDetailsCardView.swift */; };
		D39643EB2C069CD500E9267F /* TaskGroupView.swift in Sources */ = {isa = PBXBuildFile; fileRef = D39643EA2C069CD500E9267F /* TaskGroupView.swift */; };
		D3A54D912C18CBDB00D9DE3C /* Note+Extension.swift in Sources */ = {isa = PBXBuildFile; fileRef = D3A54D902C18CBDB00D9DE3C /* Note+Extension.swift */; };
		D3A54D932C18CC4500D9DE3C /* Event+Extension.swift in Sources */ = {isa = PBXBuildFile; fileRef = D3A54D922C18CC4500D9DE3C /* Event+Extension.swift */; };
		D3A54D952C18CC8D00D9DE3C /* Plant+Extension.swift in Sources */ = {isa = PBXBuildFile; fileRef = D3A54D942C18CC8D00D9DE3C /* Plant+Extension.swift */; };
		D3A54D972C18CCDF00D9DE3C /* Task+Extension.swift in Sources */ = {isa = PBXBuildFile; fileRef = D3A54D962C18CCDF00D9DE3C /* Task+Extension.swift */; };
		D3A54D992C18CD1000D9DE3C /* TaskCategory+Extension.swift in Sources */ = {isa = PBXBuildFile; fileRef = D3A54D982C18CD1000D9DE3C /* TaskCategory+Extension.swift */; };
		D3B4116E2B9778C500CD1F41 /* NavigationBar.swift in Sources */ = {isa = PBXBuildFile; fileRef = D3B4116D2B9778C500CD1F41 /* NavigationBar.swift */; };
		D3B635832BA0EB7600CE3BE1 /* Dropdown.swift in Sources */ = {isa = PBXBuildFile; fileRef = D3B635822BA0EB7600CE3BE1 /* Dropdown.swift */; };
		D3BBD89E2B68362C0061FE92 /* Seedling.xcdatamodeld in Sources */ = {isa = PBXBuildFile; fileRef = D3BBD89C2B68362C0061FE92 /* Seedling.xcdatamodeld */; };
		D3BBD8B42B6C106E0061FE92 /* CoreDataManager.swift in Sources */ = {isa = PBXBuildFile; fileRef = D3BBD8B32B6C106E0061FE92 /* CoreDataManager.swift */; };
		D3BBD8B62B6C140D0061FE92 /* HomeViewModel.swift in Sources */ = {isa = PBXBuildFile; fileRef = D3BBD8B52B6C140D0061FE92 /* HomeViewModel.swift */; };
		D3C2C6192C95F2F100531C16 /* CrashManager.swift in Sources */ = {isa = PBXBuildFile; fileRef = D3C2C6182C95F2F100531C16 /* CrashManager.swift */; };
		D3C2C61F2C97493C00531C16 /* PerformanceManager.swift in Sources */ = {isa = PBXBuildFile; fileRef = D3C2C61E2C97493C00531C16 /* PerformanceManager.swift */; };
		D3C2C6212C97570B00531C16 /* AnalyticsManager.swift in Sources */ = {isa = PBXBuildFile; fileRef = D3C2C6202C97570B00531C16 /* AnalyticsManager.swift */; };
		D3CBB1642BECAD280092096B /* PlantDetailsView.swift in Sources */ = {isa = PBXBuildFile; fileRef = D3CBB1632BECAD280092096B /* PlantDetailsView.swift */; };
		D3CD06452BF5546100E25369 /* EditCareRequirementsCardView.swift in Sources */ = {isa = PBXBuildFile; fileRef = D3CD06442BF5546100E25369 /* EditCareRequirementsCardView.swift */; };
		D3D6C0142C97626C00071810 /* FirebaseEventManager.swift in Sources */ = {isa = PBXBuildFile; fileRef = D3D6C0132C97626C00071810 /* FirebaseEventManager.swift */; };
		D3D87F6F2C06E9C300AF90A3 /* StageSelectionList.swift in Sources */ = {isa = PBXBuildFile; fileRef = D3D87F6E2C06E9C300AF90A3 /* StageSelectionList.swift */; };
		D3EA61C12B8FEA69002676F4 /* TextEditorInput.swift in Sources */ = {isa = PBXBuildFile; fileRef = D3EA61C02B8FEA69002676F4 /* TextEditorInput.swift */; };
		D3EFDE092B76B70C00A6D22C /* AddPlantView.swift in Sources */ = {isa = PBXBuildFile; fileRef = D3EFDE082B76B70C00A6D22C /* AddPlantView.swift */; };
		D3EFDE0B2B77E74D00A6D22C /* ButtonCircle.swift in Sources */ = {isa = PBXBuildFile; fileRef = D3EFDE0A2B77E74D00A6D22C /* ButtonCircle.swift */; };
		D3EFDE122B79387100A6D22C /* DetailView.swift in Sources */ = {isa = PBXBuildFile; fileRef = D3EFDE112B79387100A6D22C /* DetailView.swift */; };
		D3EFDE142B79387B00A6D22C /* DetailViewModel.swift in Sources */ = {isa = PBXBuildFile; fileRef = D3EFDE132B79387B00A6D22C /* DetailViewModel.swift */; };
		D3EFDE1A2B7A90ED00A6D22C /* LaunchScreen.storyboard in Resources */ = {isa = PBXBuildFile; fileRef = D3EFDE192B7A90ED00A6D22C /* LaunchScreen.storyboard */; };
		D3EFDE362B7D34F600A6D22C /* README.md in Resources */ = {isa = PBXBuildFile; fileRef = D3EFDE352B7D34F600A6D22C /* README.md */; };
		D3EFDE522B82973F00A6D22C /* AddNoteView.swift in Sources */ = {isa = PBXBuildFile; fileRef = D3EFDE512B82973F00A6D22C /* AddNoteView.swift */; };
		D3EFDE542B8298D900A6D22C /* NoteCardView.swift in Sources */ = {isa = PBXBuildFile; fileRef = D3EFDE532B8298D900A6D22C /* NoteCardView.swift */; };
		D3F00EC12BF575EC006C7A5C /* EditAdditionalCareNotesView.swift in Sources */ = {isa = PBXBuildFile; fileRef = D3F00EC02BF575EC006C7A5C /* EditAdditionalCareNotesView.swift */; };
		D3FCA4DA2C0CEE1700DC2213 /* CategorySelectionCard.swift in Sources */ = {isa = PBXBuildFile; fileRef = D3FCA4D92C0CEE1700DC2213 /* CategorySelectionCard.swift */; };
		D3FCA4DC2C0F91D400DC2213 /* TasksViewModel.swift in Sources */ = {isa = PBXBuildFile; fileRef = D3FCA4DB2C0F91D400DC2213 /* TasksViewModel.swift */; };
		D3FCA4DE2C0FB12F00DC2213 /* UINavigationController.swift in Sources */ = {isa = PBXBuildFile; fileRef = D3FCA4DD2C0FB12F00DC2213 /* UINavigationController.swift */; };
		D3FCA4E42C1252EB00DC2213 /* TabItemsPreferenceKey.swift in Sources */ = {isa = PBXBuildFile; fileRef = D3FCA4E32C1252EB00DC2213 /* TabItemsPreferenceKey.swift */; };
/* End PBXBuildFile section */

/* Begin PBXFileReference section */
		D30CE7C32BA4DD9A00B28F67 /* EventCardView.swift */ = {isa = PBXFileReference; lastKnownFileType = sourcecode.swift; path = EventCardView.swift; sourceTree = "<group>"; };
		D31D2A722C95EF4000D21BA3 /* GoogleService-Info.plist */ = {isa = PBXFileReference; fileEncoding = 4; lastKnownFileType = text.plist.xml; path = "GoogleService-Info.plist"; sourceTree = "<group>"; };
		D31FBCF52B8D199200C10F9D /* TextInput.swift */ = {isa = PBXFileReference; lastKnownFileType = sourcecode.swift; path = TextInput.swift; sourceTree = "<group>"; };
		D31FBCF72B8D1CC500C10F9D /* PlantEnums.swift */ = {isa = PBXFileReference; lastKnownFileType = sourcecode.swift; path = PlantEnums.swift; sourceTree = "<group>"; };
		D31FBCF92B8D1F4D00C10F9D /* ButtonPill.swift */ = {isa = PBXFileReference; lastKnownFileType = sourcecode.swift; path = ButtonPill.swift; sourceTree = "<group>"; };
		D31FBCFB2B8D205300C10F9D /* ButtonPillRow.swift */ = {isa = PBXFileReference; lastKnownFileType = sourcecode.swift; path = ButtonPillRow.swift; sourceTree = "<group>"; };
		D3243A042CA35519004873C0 /* ChevronRight.swift */ = {isa = PBXFileReference; lastKnownFileType = sourcecode.swift; path = ChevronRight.swift; sourceTree = "<group>"; };
		D3385B422B164C330055234B /* Color.swift */ = {isa = PBXFileReference; lastKnownFileType = sourcecode.swift; path = Color.swift; sourceTree = "<group>"; };
		D3385B582B165E9D0055234B /* Handjet-Regular.ttf */ = {isa = PBXFileReference; lastKnownFileType = file; path = "Handjet-Regular.ttf"; sourceTree = "<group>"; };
		D3385B592B165E9D0055234B /* Handjet-Bold.ttf */ = {isa = PBXFileReference; lastKnownFileType = file; path = "Handjet-Bold.ttf"; sourceTree = "<group>"; };
		D3385B5A2B165E9D0055234B /* Handjet-Medium.ttf */ = {isa = PBXFileReference; lastKnownFileType = file; path = "Handjet-Medium.ttf"; sourceTree = "<group>"; };
		D3385B5B2B165E9D0055234B /* Handjet-ExtraBold.ttf */ = {isa = PBXFileReference; lastKnownFileType = file; path = "Handjet-ExtraBold.ttf"; sourceTree = "<group>"; };
		D3385B612B165ECE0055234B /* Info.plist */ = {isa = PBXFileReference; lastKnownFileType = text.plist.xml; path = Info.plist; sourceTree = "<group>"; };
		D3385B6A2B16DEC80055234B /* Font.swift */ = {isa = PBXFileReference; lastKnownFileType = sourcecode.swift; path = Font.swift; sourceTree = "<group>"; };
		D3385B6C2B16EB1F0055234B /* HomeView.swift */ = {isa = PBXFileReference; lastKnownFileType = sourcecode.swift; path = HomeView.swift; sourceTree = "<group>"; };
		D3385B722B16F0420055234B /* PlantCardView.swift */ = {isa = PBXFileReference; lastKnownFileType = sourcecode.swift; path = PlantCardView.swift; sourceTree = "<group>"; };
		D338A1E32B71D83300E3676E /* Date.swift */ = {isa = PBXFileReference; lastKnownFileType = sourcecode.swift; path = Date.swift; sourceTree = "<group>"; };
		D33D61F62BAB65FE00C15B7D /* ButtonRounded.swift */ = {isa = PBXFileReference; lastKnownFileType = sourcecode.swift; path = ButtonRounded.swift; sourceTree = "<group>"; };
		D349D9DE2BE2E4EC0081ABE5 /* UpdateStageView.swift */ = {isa = PBXFileReference; lastKnownFileType = sourcecode.swift; path = UpdateStageView.swift; sourceTree = "<group>"; };
		D349D9E02BE2E7A30081ABE5 /* CardSelectable.swift */ = {isa = PBXFileReference; lastKnownFileType = sourcecode.swift; path = CardSelectable.swift; sourceTree = "<group>"; };
		D349D9E22BE2EF4D0081ABE5 /* TextPill.swift */ = {isa = PBXFileReference; lastKnownFileType = sourcecode.swift; path = TextPill.swift; sourceTree = "<group>"; };
		D3564EA82C0852AB0045BDBC /* CategorySelectionView.swift */ = {isa = PBXFileReference; lastKnownFileType = sourcecode.swift; path = CategorySelectionView.swift; sourceTree = "<group>"; };
		D3564EAA2C0852BA0045BDBC /* CategoryCreationView.swift */ = {isa = PBXFileReference; lastKnownFileType = sourcecode.swift; path = CategoryCreationView.swift; sourceTree = "<group>"; };
		D35FFAB62BFC3421002D25D8 /* AddTaskView.swift */ = {isa = PBXFileReference; lastKnownFileType = sourcecode.swift; path = AddTaskView.swift; sourceTree = "<group>"; };
		D35FFAC82BFD5585002D25D8 /* TasksView.swift */ = {isa = PBXFileReference; lastKnownFileType = sourcecode.swift; path = TasksView.swift; sourceTree = "<group>"; };
		D36D58222B156DD100E541E4 /* Seedling.app */ = {isa = PBXFileReference; explicitFileType = wrapper.application; includeInIndex = 0; path = Seedling.app; sourceTree = BUILT_PRODUCTS_DIR; };
		D36D58252B156DD100E541E4 /* SeedlingApp.swift */ = {isa = PBXFileReference; lastKnownFileType = sourcecode.swift; path = SeedlingApp.swift; sourceTree = "<group>"; };
		D36D58292B156DD200E541E4 /* Assets.xcassets */ = {isa = PBXFileReference; lastKnownFileType = folder.assetcatalog; path = Assets.xcassets; sourceTree = "<group>"; };
		D36D582C2B156DD200E541E4 /* Preview Assets.xcassets */ = {isa = PBXFileReference; lastKnownFileType = folder.assetcatalog; path = "Preview Assets.xcassets"; sourceTree = "<group>"; };
		D37706B62BFEC37B005179E3 /* TaskRowView.swift */ = {isa = PBXFileReference; lastKnownFileType = sourcecode.swift; path = TaskRowView.swift; sourceTree = "<group>"; };
		D37A30CC2C2B828500633D83 /* FileManager.swift */ = {isa = PBXFileReference; lastKnownFileType = sourcecode.swift; path = FileManager.swift; sourceTree = "<group>"; };
		D37A30CE2C2B8B1200633D83 /* ImagePickerService.swift */ = {isa = PBXFileReference; lastKnownFileType = sourcecode.swift; path = ImagePickerService.swift; sourceTree = "<group>"; };
		D37A30D12C2DFD7F00633D83 /* PhotoService.swift */ = {isa = PBXFileReference; lastKnownFileType = sourcecode.swift; path = PhotoService.swift; sourceTree = "<group>"; };
		D37A30D32C2E058000633D83 /* Photo+Extension.swift */ = {isa = PBXFileReference; lastKnownFileType = sourcecode.swift; path = "Photo+Extension.swift"; sourceTree = "<group>"; };
		D37A30D62C34A66A00633D83 /* PhotoCardView.swift */ = {isa = PBXFileReference; lastKnownFileType = sourcecode.swift; path = PhotoCardView.swift; sourceTree = "<group>"; };
		D37A30E32C34CD5800633D83 /* EditPhotoViewModel.swift */ = {isa = PBXFileReference; lastKnownFileType = sourcecode.swift; path = EditPhotoViewModel.swift; sourceTree = "<group>"; };
		D37A30E52C34CD6100633D83 /* EditPhotoView.swift */ = {isa = PBXFileReference; lastKnownFileType = sourcecode.swift; path = EditPhotoView.swift; sourceTree = "<group>"; };
		D37A30E72C3DA11700633D83 /* EditPhotoMode.swift */ = {isa = PBXFileReference; lastKnownFileType = sourcecode.swift; path = EditPhotoMode.swift; sourceTree = "<group>"; };
		D38AB78D2BBF2605006B015B /* MenuKebab.swift */ = {isa = PBXFileReference; lastKnownFileType = sourcecode.swift; path = MenuKebab.swift; sourceTree = "<group>"; };
		D38AB78F2BBF6F95006B015B /* PlantPost.swift */ = {isa = PBXFileReference; lastKnownFileType = sourcecode.swift; path = PlantPost.swift; sourceTree = "<group>"; };
		D39187CB2BF5248100A7B375 /* EditGeneralDetailsCardView.swift */ = {isa = PBXFileReference; lastKnownFileType = sourcecode.swift; path = EditGeneralDetailsCardView.swift; sourceTree = "<group>"; };
		D39643EA2C069CD500E9267F /* TaskGroupView.swift */ = {isa = PBXFileReference; lastKnownFileType = sourcecode.swift; path = TaskGroupView.swift; sourceTree = "<group>"; };
		D3A54D902C18CBDB00D9DE3C /* Note+Extension.swift */ = {isa = PBXFileReference; lastKnownFileType = sourcecode.swift; path = "Note+Extension.swift"; sourceTree = "<group>"; };
		D3A54D922C18CC4500D9DE3C /* Event+Extension.swift */ = {isa = PBXFileReference; lastKnownFileType = sourcecode.swift; path = "Event+Extension.swift"; sourceTree = "<group>"; };
		D3A54D942C18CC8D00D9DE3C /* Plant+Extension.swift */ = {isa = PBXFileReference; lastKnownFileType = sourcecode.swift; path = "Plant+Extension.swift"; sourceTree = "<group>"; };
		D3A54D962C18CCDF00D9DE3C /* Task+Extension.swift */ = {isa = PBXFileReference; lastKnownFileType = sourcecode.swift; path = "Task+Extension.swift"; sourceTree = "<group>"; };
		D3A54D982C18CD1000D9DE3C /* TaskCategory+Extension.swift */ = {isa = PBXFileReference; lastKnownFileType = sourcecode.swift; path = "TaskCategory+Extension.swift"; sourceTree = "<group>"; };
		D3B4116D2B9778C500CD1F41 /* NavigationBar.swift */ = {isa = PBXFileReference; lastKnownFileType = sourcecode.swift; path = NavigationBar.swift; sourceTree = "<group>"; };
		D3B635822BA0EB7600CE3BE1 /* Dropdown.swift */ = {isa = PBXFileReference; lastKnownFileType = sourcecode.swift; path = Dropdown.swift; sourceTree = "<group>"; };
		D3BBD89D2B68362C0061FE92 /* Seedling.xcdatamodel */ = {isa = PBXFileReference; lastKnownFileType = wrapper.xcdatamodel; path = Seedling.xcdatamodel; sourceTree = "<group>"; };
		D3BBD8B32B6C106E0061FE92 /* CoreDataManager.swift */ = {isa = PBXFileReference; lastKnownFileType = sourcecode.swift; path = CoreDataManager.swift; sourceTree = "<group>"; };
		D3BBD8B52B6C140D0061FE92 /* HomeViewModel.swift */ = {isa = PBXFileReference; lastKnownFileType = sourcecode.swift; path = HomeViewModel.swift; sourceTree = "<group>"; };
		D3C2C6182C95F2F100531C16 /* CrashManager.swift */ = {isa = PBXFileReference; lastKnownFileType = sourcecode.swift; path = CrashManager.swift; sourceTree = "<group>"; };
		D3C2C61E2C97493C00531C16 /* PerformanceManager.swift */ = {isa = PBXFileReference; lastKnownFileType = sourcecode.swift; path = PerformanceManager.swift; sourceTree = "<group>"; };
		D3C2C6202C97570B00531C16 /* AnalyticsManager.swift */ = {isa = PBXFileReference; lastKnownFileType = sourcecode.swift; path = AnalyticsManager.swift; sourceTree = "<group>"; };
		D3CBB1632BECAD280092096B /* PlantDetailsView.swift */ = {isa = PBXFileReference; lastKnownFileType = sourcecode.swift; path = PlantDetailsView.swift; sourceTree = "<group>"; };
		D3CD06442BF5546100E25369 /* EditCareRequirementsCardView.swift */ = {isa = PBXFileReference; lastKnownFileType = sourcecode.swift; path = EditCareRequirementsCardView.swift; sourceTree = "<group>"; };
		D3D6C0132C97626C00071810 /* FirebaseEventManager.swift */ = {isa = PBXFileReference; lastKnownFileType = sourcecode.swift; path = FirebaseEventManager.swift; sourceTree = "<group>"; };
		D3D87F6E2C06E9C300AF90A3 /* StageSelectionList.swift */ = {isa = PBXFileReference; lastKnownFileType = sourcecode.swift; path = StageSelectionList.swift; sourceTree = "<group>"; };
		D3EA61C02B8FEA69002676F4 /* TextEditorInput.swift */ = {isa = PBXFileReference; lastKnownFileType = sourcecode.swift; path = TextEditorInput.swift; sourceTree = "<group>"; };
		D3EFDE082B76B70C00A6D22C /* AddPlantView.swift */ = {isa = PBXFileReference; lastKnownFileType = sourcecode.swift; path = AddPlantView.swift; sourceTree = "<group>"; };
		D3EFDE0A2B77E74D00A6D22C /* ButtonCircle.swift */ = {isa = PBXFileReference; lastKnownFileType = sourcecode.swift; path = ButtonCircle.swift; sourceTree = "<group>"; };
		D3EFDE112B79387100A6D22C /* DetailView.swift */ = {isa = PBXFileReference; lastKnownFileType = sourcecode.swift; path = DetailView.swift; sourceTree = "<group>"; };
		D3EFDE132B79387B00A6D22C /* DetailViewModel.swift */ = {isa = PBXFileReference; lastKnownFileType = sourcecode.swift; path = DetailViewModel.swift; sourceTree = "<group>"; };
		D3EFDE192B7A90ED00A6D22C /* LaunchScreen.storyboard */ = {isa = PBXFileReference; lastKnownFileType = file.storyboard; path = LaunchScreen.storyboard; sourceTree = "<group>"; };
		D3EFDE352B7D34F600A6D22C /* README.md */ = {isa = PBXFileReference; lastKnownFileType = net.daringfireball.markdown; path = README.md; sourceTree = "<group>"; };
		D3EFDE512B82973F00A6D22C /* AddNoteView.swift */ = {isa = PBXFileReference; lastKnownFileType = sourcecode.swift; path = AddNoteView.swift; sourceTree = "<group>"; };
		D3EFDE532B8298D900A6D22C /* NoteCardView.swift */ = {isa = PBXFileReference; lastKnownFileType = sourcecode.swift; path = NoteCardView.swift; sourceTree = "<group>"; };
		D3F00EC02BF575EC006C7A5C /* EditAdditionalCareNotesView.swift */ = {isa = PBXFileReference; lastKnownFileType = sourcecode.swift; path = EditAdditionalCareNotesView.swift; sourceTree = "<group>"; };
		D3FCA4D92C0CEE1700DC2213 /* CategorySelectionCard.swift */ = {isa = PBXFileReference; lastKnownFileType = sourcecode.swift; path = CategorySelectionCard.swift; sourceTree = "<group>"; };
		D3FCA4DB2C0F91D400DC2213 /* TasksViewModel.swift */ = {isa = PBXFileReference; lastKnownFileType = sourcecode.swift; path = TasksViewModel.swift; sourceTree = "<group>"; };
		D3FCA4DD2C0FB12F00DC2213 /* UINavigationController.swift */ = {isa = PBXFileReference; lastKnownFileType = sourcecode.swift; path = UINavigationController.swift; sourceTree = "<group>"; };
		D3FCA4E32C1252EB00DC2213 /* TabItemsPreferenceKey.swift */ = {isa = PBXFileReference; lastKnownFileType = sourcecode.swift; path = TabItemsPreferenceKey.swift; sourceTree = "<group>"; };
/* End PBXFileReference section */

/* Begin PBXFrameworksBuildPhase section */
		D36D581F2B156DD100E541E4 /* Frameworks */ = {
			isa = PBXFrameworksBuildPhase;
			buildActionMask = 2147483647;
			files = (
				D31D2A6A2C95EC0D00D21BA3 /* FirebaseAnalytics in Frameworks */,
				D31D2A6C2C95EC0D00D21BA3 /* FirebaseCrashlytics in Frameworks */,
				D31D2A6E2C95EC0D00D21BA3 /* FirebasePerformance in Frameworks */,
			);
			runOnlyForDeploymentPostprocessing = 0;
		};
/* End PBXFrameworksBuildPhase section */

/* Begin PBXGroup section */
		D30CE7C12BA4DAB600B28F67 /* Feature */ = {
			isa = PBXGroup;
			children = (
				D30CE7C32BA4DD9A00B28F67 /* EventCardView.swift */,
				D3EFDE532B8298D900A6D22C /* NoteCardView.swift */,
				D3385B722B16F0420055234B /* PlantCardView.swift */,
				D37A30D62C34A66A00633D83 /* PhotoCardView.swift */,
				D37706B62BFEC37B005179E3 /* TaskRowView.swift */,
				D39643EA2C069CD500E9267F /* TaskGroupView.swift */,
				D3D87F6E2C06E9C300AF90A3 /* StageSelectionList.swift */,
			);
			path = Feature;
			sourceTree = "<group>";
		};
		D30CE7C22BA4DB0900B28F67 /* Foundational */ = {
			isa = PBXGroup;
			children = (
				D3EFDE0A2B77E74D00A6D22C /* ButtonCircle.swift */,
				D33D61F62BAB65FE00C15B7D /* ButtonRounded.swift */,
				D31FBCF92B8D1F4D00C10F9D /* ButtonPill.swift */,
				D31FBCFB2B8D205300C10F9D /* ButtonPillRow.swift */,
				D349D9E02BE2E7A30081ABE5 /* CardSelectable.swift */,
				D3FCA4D92C0CEE1700DC2213 /* CategorySelectionCard.swift */,
				D3B635822BA0EB7600CE3BE1 /* Dropdown.swift */,
				D3B4116D2B9778C500CD1F41 /* NavigationBar.swift */,
				D31FBCF52B8D199200C10F9D /* TextInput.swift */,
				D3EA61C02B8FEA69002676F4 /* TextEditorInput.swift */,
				D38AB78D2BBF2605006B015B /* MenuKebab.swift */,
				D3243A042CA35519004873C0 /* ChevronRight.swift */,
				D349D9E22BE2EF4D0081ABE5 /* TextPill.swift */,
			);
			path = Foundational;
			sourceTree = "<group>";
		};
		D3385B442B164C3D0055234B /* Extensions */ = {
			isa = PBXGroup;
			children = (
				D3385B422B164C330055234B /* Color.swift */,
				D338A1E32B71D83300E3676E /* Date.swift */,
				D37A30CC2C2B828500633D83 /* FileManager.swift */,
				D3385B6A2B16DEC80055234B /* Font.swift */,
				D3FCA4DD2C0FB12F00DC2213 /* UINavigationController.swift */,
			);
			path = Extensions;
			sourceTree = "<group>";
		};
		D3385B602B165EA20055234B /* Fonts */ = {
			isa = PBXGroup;
			children = (
				D3385B582B165E9D0055234B /* Handjet-Regular.ttf */,
				D3385B5A2B165E9D0055234B /* Handjet-Medium.ttf */,
				D3385B592B165E9D0055234B /* Handjet-Bold.ttf */,
				D3385B5B2B165E9D0055234B /* Handjet-ExtraBold.ttf */,
			);
			path = Fonts;
			sourceTree = "<group>";
		};
		D3385B6E2B16EB260055234B /* Core */ = {
			isa = PBXGroup;
			children = (
				D3EFDE152B793ABB00A6D22C /* Launch */,
				D3385B6F2B16EB2B0055234B /* Home */,
				D3EFDE0E2B7937F800A6D22C /* Detail */,
				D37A30E02C34CCE500633D83 /* Edit */,
				D3B411702B979DD200CD1F41 /* Tasks */,
				D338A1DE2B71B95600E3676E /* Components */,
			);
			path = Core;
			sourceTree = "<group>";
		};
		D3385B6F2B16EB2B0055234B /* Home */ = {
			isa = PBXGroup;
			children = (
				D3385B702B16EB300055234B /* ViewModels */,
				D3385B712B16EB380055234B /* Views */,
			);
			path = Home;
			sourceTree = "<group>";
		};
		D3385B702B16EB300055234B /* ViewModels */ = {
			isa = PBXGroup;
			children = (
				D3BBD8B52B6C140D0061FE92 /* HomeViewModel.swift */,
			);
			path = ViewModels;
			sourceTree = "<group>";
		};
		D3385B712B16EB380055234B /* Views */ = {
			isa = PBXGroup;
			children = (
				D3385B6C2B16EB1F0055234B /* HomeView.swift */,
				D3EFDE082B76B70C00A6D22C /* AddPlantView.swift */,
			);
			path = Views;
			sourceTree = "<group>";
		};
		D338A1DE2B71B95600E3676E /* Components */ = {
			isa = PBXGroup;
			children = (
				D30CE7C22BA4DB0900B28F67 /* Foundational */,
				D30CE7C12BA4DAB600B28F67 /* Feature */,
			);
			path = Components;
			sourceTree = "<group>";
		};
		D36D58192B156DD100E541E4 = {
			isa = PBXGroup;
			children = (
				D3EFDE352B7D34F600A6D22C /* README.md */,
				D36D58242B156DD100E541E4 /* Seedling */,
				D36D58232B156DD100E541E4 /* Products */,
			);
			sourceTree = "<group>";
		};
		D36D58232B156DD100E541E4 /* Products */ = {
			isa = PBXGroup;
			children = (
				D36D58222B156DD100E541E4 /* Seedling.app */,
			);
			name = Products;
			sourceTree = "<group>";
		};
		D36D58242B156DD100E541E4 /* Seedling */ = {
			isa = PBXGroup;
			children = (
				D36D58252B156DD100E541E4 /* SeedlingApp.swift */,
				D3BBD8B22B6C0FCA0061FE92 /* Utilities */,
				D3385B442B164C3D0055234B /* Extensions */,
				D37A30D02C2B8B1600633D83 /* Services */,
				D3BBD89F2B6836520061FE92 /* Models */,
				D3385B6E2B16EB260055234B /* Core */,
				D3385B602B165EA20055234B /* Fonts */,
				D36D58292B156DD200E541E4 /* Assets.xcassets */,
				D31D2A722C95EF4000D21BA3 /* GoogleService-Info.plist */,
				D3385B612B165ECE0055234B /* Info.plist */,
				D36D582B2B156DD200E541E4 /* Preview Content */,
			);
			path = Seedling;
			sourceTree = "<group>";
		};
		D36D582B2B156DD200E541E4 /* Preview Content */ = {
			isa = PBXGroup;
			children = (
				D36D582C2B156DD200E541E4 /* Preview Assets.xcassets */,
			);
			path = "Preview Content";
			sourceTree = "<group>";
		};
		D37A30D02C2B8B1600633D83 /* Services */ = {
			isa = PBXGroup;
			children = (
				D3C2C61A2C95FAB900531C16 /* Photos */,
				D3C2C61B2C95FAC700531C16 /* Firebase */,
			);
			path = Services;
			sourceTree = "<group>";
		};
		D37A30D52C3475B200633D83 /* Extensions */ = {
			isa = PBXGroup;
			children = (
				D3A54D922C18CC4500D9DE3C /* Event+Extension.swift */,
				D3A54D902C18CBDB00D9DE3C /* Note+Extension.swift */,
				D3A54D942C18CC8D00D9DE3C /* Plant+Extension.swift */,
				D37A30D32C2E058000633D83 /* Photo+Extension.swift */,
				D3A54D962C18CCDF00D9DE3C /* Task+Extension.swift */,
			);
			path = Extensions;
			sourceTree = "<group>";
		};
		D37A30E02C34CCE500633D83 /* Edit */ = {
			isa = PBXGroup;
			children = (
				D37A30E22C34CD4B00633D83 /* ViewModels */,
				D37A30E12C34CD4400633D83 /* Views */,
			);
			path = Edit;
			sourceTree = "<group>";
		};
		D37A30E12C34CD4400633D83 /* Views */ = {
			isa = PBXGroup;
			children = (
				D37A30E52C34CD6100633D83 /* EditPhotoView.swift */,
			);
			path = Views;
			sourceTree = "<group>";
		};
		D37A30E22C34CD4B00633D83 /* ViewModels */ = {
			isa = PBXGroup;
			children = (
				D37A30E32C34CD5800633D83 /* EditPhotoViewModel.swift */,
			);
			path = ViewModels;
			sourceTree = "<group>";
		};
		D3B411702B979DD200CD1F41 /* Tasks */ = {
			isa = PBXGroup;
			children = (
				D3B411752B979E1600CD1F41 /* ViewModels */,
				D3B411732B979E0800CD1F41 /* Views */,
			);
			path = Tasks;
			sourceTree = "<group>";
		};
		D3B411732B979E0800CD1F41 /* Views */ = {
			isa = PBXGroup;
			children = (
				D35FFAC82BFD5585002D25D8 /* TasksView.swift */,
				D35FFAB62BFC3421002D25D8 /* AddTaskView.swift */,
				D3564EA82C0852AB0045BDBC /* CategorySelectionView.swift */,
				D3564EAA2C0852BA0045BDBC /* CategoryCreationView.swift */,
			);
			path = Views;
			sourceTree = "<group>";
		};
		D3B411752B979E1600CD1F41 /* ViewModels */ = {
			isa = PBXGroup;
			children = (
				D3FCA4DB2C0F91D400DC2213 /* TasksViewModel.swift */,
			);
			path = ViewModels;
			sourceTree = "<group>";
		};
		D3BBD89F2B6836520061FE92 /* Models */ = {
			isa = PBXGroup;
			children = (
				D3BBD89C2B68362C0061FE92 /* Seedling.xcdatamodeld */,
				D37A30D52C3475B200633D83 /* Extensions */,
				D31FBCF72B8D1CC500C10F9D /* PlantEnums.swift */,
				D38AB78F2BBF6F95006B015B /* PlantPost.swift */,
				D3A54D982C18CD1000D9DE3C /* TaskCategory+Extension.swift */,
				D37A30E72C3DA11700633D83 /* EditPhotoMode.swift */,
			);
			path = Models;
			sourceTree = "<group>";
		};
		D3BBD8B22B6C0FCA0061FE92 /* Utilities */ = {
			isa = PBXGroup;
			children = (
				D3BBD8B32B6C106E0061FE92 /* CoreDataManager.swift */,
				D3FCA4E32C1252EB00DC2213 /* TabItemsPreferenceKey.swift */,
			);
			path = Utilities;
			sourceTree = "<group>";
		};
		D3C2C61A2C95FAB900531C16 /* Photos */ = {
			isa = PBXGroup;
			children = (
				D37A30CE2C2B8B1200633D83 /* ImagePickerService.swift */,
				D37A30D12C2DFD7F00633D83 /* PhotoService.swift */,
			);
			path = Photos;
			sourceTree = "<group>";
		};
		D3C2C61B2C95FAC700531C16 /* Firebase */ = {
			isa = PBXGroup;
			children = (
				D3C2C6182C95F2F100531C16 /* CrashManager.swift */,
				D3C2C61E2C97493C00531C16 /* PerformanceManager.swift */,
				D3C2C6202C97570B00531C16 /* AnalyticsManager.swift */,
				D3D6C0132C97626C00071810 /* FirebaseEventManager.swift */,
			);
			path = Firebase;
			sourceTree = "<group>";
		};
		D3EFDE0E2B7937F800A6D22C /* Detail */ = {
			isa = PBXGroup;
			children = (
				D3EFDE0F2B79384700A6D22C /* ViewModels */,
				D3EFDE102B79384D00A6D22C /* Views */,
			);
			path = Detail;
			sourceTree = "<group>";
		};
		D3EFDE0F2B79384700A6D22C /* ViewModels */ = {
			isa = PBXGroup;
			children = (
				D3EFDE132B79387B00A6D22C /* DetailViewModel.swift */,
			);
			path = ViewModels;
			sourceTree = "<group>";
		};
		D3EFDE102B79384D00A6D22C /* Views */ = {
			isa = PBXGroup;
			children = (
				D3EFDE112B79387100A6D22C /* DetailView.swift */,
				D349D9DE2BE2E4EC0081ABE5 /* UpdateStageView.swift */,
				D3EFDE512B82973F00A6D22C /* AddNoteView.swift */,
				D3CBB1632BECAD280092096B /* PlantDetailsView.swift */,
				D39187CB2BF5248100A7B375 /* EditGeneralDetailsCardView.swift */,
				D3CD06442BF5546100E25369 /* EditCareRequirementsCardView.swift */,
				D3F00EC02BF575EC006C7A5C /* EditAdditionalCareNotesView.swift */,
			);
			path = Views;
			sourceTree = "<group>";
		};
		D3EFDE152B793ABB00A6D22C /* Launch */ = {
			isa = PBXGroup;
			children = (
				D3EFDE162B793AC000A6D22C /* Views */,
			);
			path = Launch;
			sourceTree = "<group>";
		};
		D3EFDE162B793AC000A6D22C /* Views */ = {
			isa = PBXGroup;
			children = (
				D3EFDE192B7A90ED00A6D22C /* LaunchScreen.storyboard */,
			);
			path = Views;
			sourceTree = "<group>";
		};
/* End PBXGroup section */

/* Begin PBXNativeTarget section */
		D36D58212B156DD100E541E4 /* Seedling */ = {
			isa = PBXNativeTarget;
			buildConfigurationList = D36D58302B156DD200E541E4 /* Build configuration list for PBXNativeTarget "Seedling" */;
			buildPhases = (
				D36D581E2B156DD100E541E4 /* Sources */,
				D36D581F2B156DD100E541E4 /* Frameworks */,
				D36D58202B156DD100E541E4 /* Resources */,
				D31D2A6F2C95EE0900D21BA3 /* ShellScript */,
			);
			buildRules = (
			);
			dependencies = (
			);
			name = Seedling;
			packageProductDependencies = (
				D31D2A692C95EC0D00D21BA3 /* FirebaseAnalytics */,
				D31D2A6B2C95EC0D00D21BA3 /* FirebaseCrashlytics */,
				D31D2A6D2C95EC0D00D21BA3 /* FirebasePerformance */,
			);
			productName = Seedling;
			productReference = D36D58222B156DD100E541E4 /* Seedling.app */;
			productType = "com.apple.product-type.application";
		};
/* End PBXNativeTarget section */

/* Begin PBXProject section */
		D36D581A2B156DD100E541E4 /* Project object */ = {
			isa = PBXProject;
			attributes = {
				BuildIndependentTargetsInParallel = 1;
				LastSwiftUpdateCheck = 1500;
				LastUpgradeCheck = 1500;
				TargetAttributes = {
					D36D58212B156DD100E541E4 = {
						CreatedOnToolsVersion = 15.0.1;
					};
				};
			};
			buildConfigurationList = D36D581D2B156DD100E541E4 /* Build configuration list for PBXProject "Seedling" */;
			compatibilityVersion = "Xcode 14.0";
			developmentRegion = en;
			hasScannedForEncodings = 0;
			knownRegions = (
				en,
				Base,
			);
			mainGroup = D36D58192B156DD100E541E4;
			packageReferences = (
				D31D2A682C95EC0D00D21BA3 /* XCRemoteSwiftPackageReference "firebase-ios-sdk" */,
			);
			productRefGroup = D36D58232B156DD100E541E4 /* Products */;
			projectDirPath = "";
			projectRoot = "";
			targets = (
				D36D58212B156DD100E541E4 /* Seedling */,
			);
		};
/* End PBXProject section */

/* Begin PBXResourcesBuildPhase section */
		D36D58202B156DD100E541E4 /* Resources */ = {
			isa = PBXResourcesBuildPhase;
			buildActionMask = 2147483647;
			files = (
				D3385B5E2B165E9D0055234B /* Handjet-Medium.ttf in Resources */,
				D3385B5D2B165E9D0055234B /* Handjet-Bold.ttf in Resources */,
				D31D2A732C95EF4000D21BA3 /* GoogleService-Info.plist in Resources */,
				D3385B5C2B165E9D0055234B /* Handjet-Regular.ttf in Resources */,
				D3385B5F2B165E9D0055234B /* Handjet-ExtraBold.ttf in Resources */,
				D3EFDE1A2B7A90ED00A6D22C /* LaunchScreen.storyboard in Resources */,
				D36D582D2B156DD200E541E4 /* Preview Assets.xcassets in Resources */,
				D3EFDE362B7D34F600A6D22C /* README.md in Resources */,
				D36D582A2B156DD200E541E4 /* Assets.xcassets in Resources */,
			);
			runOnlyForDeploymentPostprocessing = 0;
		};
/* End PBXResourcesBuildPhase section */

/* Begin PBXShellScriptBuildPhase section */
		D31D2A6F2C95EE0900D21BA3 /* ShellScript */ = {
			isa = PBXShellScriptBuildPhase;
			alwaysOutOfDate = 1;
			buildActionMask = 2147483647;
			files = (
			);
			inputFileListPaths = (
			);
			inputPaths = (
				"${DWARF_DSYM_FOLDER_PATH}/${DWARF_DSYM_FILE_NAME}",
				"${DWARF_DSYM_FOLDER_PATH}/${DWARF_DSYM_FILE_NAME}/Contents/Resources/DWARF/${PRODUCT_NAME}",
				"${DWARF_DSYM_FOLDER_PATH}/${DWARF_DSYM_FILE_NAME}/Contents/Info.plist",
				"$(TARGET_BUILD_DIR)/$(UNLOCALIZED_RESOURCES_FOLDER_PATH)/GoogleService-Info.plist",
				"$(TARGET_BUILD_DIR)/$(EXECUTABLE_PATH)",
			);
			outputFileListPaths = (
			);
			outputPaths = (
			);
			runOnlyForDeploymentPostprocessing = 0;
			shellPath = /bin/sh;
			shellScript = "# Type a script or drag a script file from your workspace to insert its path.\n\"${BUILD_DIR%/Build/*}/SourcePackages/checkouts/firebase-ios-sdk/Crashlytics/run\"\n";
		};
/* End PBXShellScriptBuildPhase section */

/* Begin PBXSourcesBuildPhase section */
		D36D581E2B156DD100E541E4 /* Sources */ = {
			isa = PBXSourcesBuildPhase;
			buildActionMask = 2147483647;
			files = (
				D3EFDE0B2B77E74D00A6D22C /* ButtonCircle.swift in Sources */,
				D3C2C61F2C97493C00531C16 /* PerformanceManager.swift in Sources */,
				D3EFDE092B76B70C00A6D22C /* AddPlantView.swift in Sources */,
				D3BBD89E2B68362C0061FE92 /* Seedling.xcdatamodeld in Sources */,
				D3A54D952C18CC8D00D9DE3C /* Plant+Extension.swift in Sources */,
				D37A30E82C3DA11700633D83 /* EditPhotoMode.swift in Sources */,
				D3B635832BA0EB7600CE3BE1 /* Dropdown.swift in Sources */,
				D3EA61C12B8FEA69002676F4 /* TextEditorInput.swift in Sources */,
				D3FCA4DE2C0FB12F00DC2213 /* UINavigationController.swift in Sources */,
				D3564EA92C0852AB0045BDBC /* CategorySelectionView.swift in Sources */,
				D3EFDE122B79387100A6D22C /* DetailView.swift in Sources */,
				D3D6C0142C97626C00071810 /* FirebaseEventManager.swift in Sources */,
				D37706B72BFEC37B005179E3 /* TaskRowView.swift in Sources */,
				D3C2C6212C97570B00531C16 /* AnalyticsManager.swift in Sources */,
				D3385B6B2B16DEC80055234B /* Font.swift in Sources */,
				D3385B732B16F0420055234B /* PlantCardView.swift in Sources */,
				D3243A052CA35519004873C0 /* ChevronRight.swift in Sources */,
				D3BBD8B62B6C140D0061FE92 /* HomeViewModel.swift in Sources */,
				D35FFAB72BFC3421002D25D8 /* AddTaskView.swift in Sources */,
				D349D9DF2BE2E4EC0081ABE5 /* UpdateStageView.swift in Sources */,
				D37A30CF2C2B8B1200633D83 /* ImagePickerService.swift in Sources */,
				D3A54D912C18CBDB00D9DE3C /* Note+Extension.swift in Sources */,
				D31FBCFA2B8D1F4D00C10F9D /* ButtonPill.swift in Sources */,
				D3FCA4E42C1252EB00DC2213 /* TabItemsPreferenceKey.swift in Sources */,
				D3385B6D2B16EB1F0055234B /* HomeView.swift in Sources */,
				D3564EAB2C0852BA0045BDBC /* CategoryCreationView.swift in Sources */,
				D36D58262B156DD100E541E4 /* SeedlingApp.swift in Sources */,
				D3C2C6192C95F2F100531C16 /* CrashManager.swift in Sources */,
				D3BBD8B42B6C106E0061FE92 /* CoreDataManager.swift in Sources */,
				D31FBCFC2B8D205300C10F9D /* ButtonPillRow.swift in Sources */,
				D3A54D932C18CC4500D9DE3C /* Event+Extension.swift in Sources */,
				D3A54D972C18CCDF00D9DE3C /* Task+Extension.swift in Sources */,
				D31FBCF82B8D1CC500C10F9D /* PlantEnums.swift in Sources */,
				D3EFDE542B8298D900A6D22C /* NoteCardView.swift in Sources */,
				D37A30D42C2E058000633D83 /* Photo+Extension.swift in Sources */,
				D3385B432B164C330055234B /* Color.swift in Sources */,
				D3D87F6F2C06E9C300AF90A3 /* StageSelectionList.swift in Sources */,
				D3EFDE522B82973F00A6D22C /* AddNoteView.swift in Sources */,
				D3FCA4DA2C0CEE1700DC2213 /* CategorySelectionCard.swift in Sources */,
				D37A30D22C2DFD7F00633D83 /* PhotoService.swift in Sources */,
				D30CE7C42BA4DD9A00B28F67 /* EventCardView.swift in Sources */,
				D38AB7902BBF6F95006B015B /* PlantPost.swift in Sources */,
				D39643EB2C069CD500E9267F /* TaskGroupView.swift in Sources */,
				D349D9E32BE2EF4D0081ABE5 /* TextPill.swift in Sources */,
				D37A30CD2C2B828500633D83 /* FileManager.swift in Sources */,
				D38AB78E2BBF2605006B015B /* MenuKebab.swift in Sources */,
				D3A54D992C18CD1000D9DE3C /* TaskCategory+Extension.swift in Sources */,
				D37A30E62C34CD6100633D83 /* EditPhotoView.swift in Sources */,
				D338A1E42B71D83300E3676E /* Date.swift in Sources */,
				D3EFDE142B79387B00A6D22C /* DetailViewModel.swift in Sources */,
				D3CD06452BF5546100E25369 /* EditCareRequirementsCardView.swift in Sources */,
				D33D61F72BAB65FE00C15B7D /* ButtonRounded.swift in Sources */,
				D37A30D72C34A66A00633D83 /* PhotoCardView.swift in Sources */,
				D349D9E12BE2E7A30081ABE5 /* CardSelectable.swift in Sources */,
				D3CBB1642BECAD280092096B /* PlantDetailsView.swift in Sources */,
				D35FFAC92BFD5585002D25D8 /* TasksView.swift in Sources */,
				D37A30E42C34CD5800633D83 /* EditPhotoViewModel.swift in Sources */,
				D3B4116E2B9778C500CD1F41 /* NavigationBar.swift in Sources */,
				D3FCA4DC2C0F91D400DC2213 /* TasksViewModel.swift in Sources */,
				D31FBCF62B8D199200C10F9D /* TextInput.swift in Sources */,
				D3F00EC12BF575EC006C7A5C /* EditAdditionalCareNotesView.swift in Sources */,
				D39187CC2BF5248100A7B375 /* EditGeneralDetailsCardView.swift in Sources */,
			);
			runOnlyForDeploymentPostprocessing = 0;
		};
/* End PBXSourcesBuildPhase section */

/* Begin XCBuildConfiguration section */
		D36D582E2B156DD200E541E4 /* Debug */ = {
			isa = XCBuildConfiguration;
			buildSettings = {
				ALWAYS_SEARCH_USER_PATHS = NO;
				ASSETCATALOG_COMPILER_GENERATE_SWIFT_ASSET_SYMBOL_EXTENSIONS = YES;
				CLANG_ANALYZER_NONNULL = YES;
				CLANG_ANALYZER_NUMBER_OBJECT_CONVERSION = YES_AGGRESSIVE;
				CLANG_CXX_LANGUAGE_STANDARD = "gnu++20";
				CLANG_ENABLE_MODULES = YES;
				CLANG_ENABLE_OBJC_ARC = YES;
				CLANG_ENABLE_OBJC_WEAK = YES;
				CLANG_WARN_BLOCK_CAPTURE_AUTORELEASING = YES;
				CLANG_WARN_BOOL_CONVERSION = YES;
				CLANG_WARN_COMMA = YES;
				CLANG_WARN_CONSTANT_CONVERSION = YES;
				CLANG_WARN_DEPRECATED_OBJC_IMPLEMENTATIONS = YES;
				CLANG_WARN_DIRECT_OBJC_ISA_USAGE = YES_ERROR;
				CLANG_WARN_DOCUMENTATION_COMMENTS = YES;
				CLANG_WARN_EMPTY_BODY = YES;
				CLANG_WARN_ENUM_CONVERSION = YES;
				CLANG_WARN_INFINITE_RECURSION = YES;
				CLANG_WARN_INT_CONVERSION = YES;
				CLANG_WARN_NON_LITERAL_NULL_CONVERSION = YES;
				CLANG_WARN_OBJC_IMPLICIT_RETAIN_SELF = YES;
				CLANG_WARN_OBJC_LITERAL_CONVERSION = YES;
				CLANG_WARN_OBJC_ROOT_CLASS = YES_ERROR;
				CLANG_WARN_QUOTED_INCLUDE_IN_FRAMEWORK_HEADER = YES;
				CLANG_WARN_RANGE_LOOP_ANALYSIS = YES;
				CLANG_WARN_STRICT_PROTOTYPES = YES;
				CLANG_WARN_SUSPICIOUS_MOVE = YES;
				CLANG_WARN_UNGUARDED_AVAILABILITY = YES_AGGRESSIVE;
				CLANG_WARN_UNREACHABLE_CODE = YES;
				CLANG_WARN__DUPLICATE_METHOD_MATCH = YES;
				COPY_PHASE_STRIP = NO;
				DEBUG_INFORMATION_FORMAT = "dwarf-with-dsym";
				ENABLE_STRICT_OBJC_MSGSEND = YES;
				ENABLE_TESTABILITY = YES;
				ENABLE_USER_SCRIPT_SANDBOXING = YES;
				GCC_C_LANGUAGE_STANDARD = gnu17;
				GCC_DYNAMIC_NO_PIC = NO;
				GCC_NO_COMMON_BLOCKS = YES;
				GCC_OPTIMIZATION_LEVEL = 0;
				GCC_PREPROCESSOR_DEFINITIONS = (
					"DEBUG=1",
					"$(inherited)",
				);
				GCC_WARN_64_TO_32_BIT_CONVERSION = YES;
				GCC_WARN_ABOUT_RETURN_TYPE = YES_ERROR;
				GCC_WARN_UNDECLARED_SELECTOR = YES;
				GCC_WARN_UNINITIALIZED_AUTOS = YES_AGGRESSIVE;
				GCC_WARN_UNUSED_FUNCTION = YES;
				GCC_WARN_UNUSED_VARIABLE = YES;
				IPHONEOS_DEPLOYMENT_TARGET = 17.0;
				LOCALIZATION_PREFERS_STRING_CATALOGS = YES;
				MTL_ENABLE_DEBUG_INFO = INCLUDE_SOURCE;
				MTL_FAST_MATH = YES;
				ONLY_ACTIVE_ARCH = YES;
				SDKROOT = iphoneos;
				SWIFT_ACTIVE_COMPILATION_CONDITIONS = "DEBUG $(inherited)";
				SWIFT_OPTIMIZATION_LEVEL = "-Onone";
			};
			name = Debug;
		};
		D36D582F2B156DD200E541E4 /* Release */ = {
			isa = XCBuildConfiguration;
			buildSettings = {
				ALWAYS_SEARCH_USER_PATHS = NO;
				ASSETCATALOG_COMPILER_GENERATE_SWIFT_ASSET_SYMBOL_EXTENSIONS = YES;
				CLANG_ANALYZER_NONNULL = YES;
				CLANG_ANALYZER_NUMBER_OBJECT_CONVERSION = YES_AGGRESSIVE;
				CLANG_CXX_LANGUAGE_STANDARD = "gnu++20";
				CLANG_ENABLE_MODULES = YES;
				CLANG_ENABLE_OBJC_ARC = YES;
				CLANG_ENABLE_OBJC_WEAK = YES;
				CLANG_WARN_BLOCK_CAPTURE_AUTORELEASING = YES;
				CLANG_WARN_BOOL_CONVERSION = YES;
				CLANG_WARN_COMMA = YES;
				CLANG_WARN_CONSTANT_CONVERSION = YES;
				CLANG_WARN_DEPRECATED_OBJC_IMPLEMENTATIONS = YES;
				CLANG_WARN_DIRECT_OBJC_ISA_USAGE = YES_ERROR;
				CLANG_WARN_DOCUMENTATION_COMMENTS = YES;
				CLANG_WARN_EMPTY_BODY = YES;
				CLANG_WARN_ENUM_CONVERSION = YES;
				CLANG_WARN_INFINITE_RECURSION = YES;
				CLANG_WARN_INT_CONVERSION = YES;
				CLANG_WARN_NON_LITERAL_NULL_CONVERSION = YES;
				CLANG_WARN_OBJC_IMPLICIT_RETAIN_SELF = YES;
				CLANG_WARN_OBJC_LITERAL_CONVERSION = YES;
				CLANG_WARN_OBJC_ROOT_CLASS = YES_ERROR;
				CLANG_WARN_QUOTED_INCLUDE_IN_FRAMEWORK_HEADER = YES;
				CLANG_WARN_RANGE_LOOP_ANALYSIS = YES;
				CLANG_WARN_STRICT_PROTOTYPES = YES;
				CLANG_WARN_SUSPICIOUS_MOVE = YES;
				CLANG_WARN_UNGUARDED_AVAILABILITY = YES_AGGRESSIVE;
				CLANG_WARN_UNREACHABLE_CODE = YES;
				CLANG_WARN__DUPLICATE_METHOD_MATCH = YES;
				COPY_PHASE_STRIP = NO;
				DEBUG_INFORMATION_FORMAT = "dwarf-with-dsym";
				ENABLE_NS_ASSERTIONS = NO;
				ENABLE_STRICT_OBJC_MSGSEND = YES;
				ENABLE_USER_SCRIPT_SANDBOXING = YES;
				GCC_C_LANGUAGE_STANDARD = gnu17;
				GCC_NO_COMMON_BLOCKS = YES;
				GCC_WARN_64_TO_32_BIT_CONVERSION = YES;
				GCC_WARN_ABOUT_RETURN_TYPE = YES_ERROR;
				GCC_WARN_UNDECLARED_SELECTOR = YES;
				GCC_WARN_UNINITIALIZED_AUTOS = YES_AGGRESSIVE;
				GCC_WARN_UNUSED_FUNCTION = YES;
				GCC_WARN_UNUSED_VARIABLE = YES;
				IPHONEOS_DEPLOYMENT_TARGET = 17.0;
				LOCALIZATION_PREFERS_STRING_CATALOGS = YES;
				MTL_ENABLE_DEBUG_INFO = NO;
				MTL_FAST_MATH = YES;
				SDKROOT = iphoneos;
				SWIFT_COMPILATION_MODE = wholemodule;
				VALIDATE_PRODUCT = YES;
			};
			name = Release;
		};
		D36D58312B156DD200E541E4 /* Debug */ = {
			isa = XCBuildConfiguration;
			buildSettings = {
				ASSETCATALOG_COMPILER_APPICON_NAME = AppIcon;
				ASSETCATALOG_COMPILER_GLOBAL_ACCENT_COLOR_NAME = ColorAccentGreen;
				ASSETCATALOG_COMPILER_INCLUDE_ALL_APPICON_ASSETS = YES;
				CODE_SIGN_IDENTITY = "Apple Development";
				CODE_SIGN_STYLE = Automatic;
				CURRENT_PROJECT_VERSION = 1;
				DEBUG_INFORMATION_FORMAT = "dwarf-with-dsym";
				DEVELOPMENT_ASSET_PATHS = "\"Seedling/Preview Content\"";
				DEVELOPMENT_TEAM = 7YPJCXPNAH;
				ENABLE_PREVIEWS = YES;
				GENERATE_INFOPLIST_FILE = YES;
				INFOPLIST_FILE = Seedling/Info.plist;
				INFOPLIST_KEY_CFBundleDisplayName = Seedling;
				INFOPLIST_KEY_LSApplicationCategoryType = "public.app-category.lifestyle";
				INFOPLIST_KEY_NSCameraUsageDescription = "Seedling requires access to camera to take photos for posts.";
				INFOPLIST_KEY_NSPhotoLibraryUsageDescription = "Seedling requires access to photo library to select photos for posts.";
				INFOPLIST_KEY_UIApplicationSceneManifest_Generation = YES;
				INFOPLIST_KEY_UIApplicationSupportsIndirectInputEvents = YES;
				INFOPLIST_KEY_UILaunchScreen_Generation = YES;
				INFOPLIST_KEY_UILaunchStoryboardName = LaunchScreen.storyboard;
				INFOPLIST_KEY_UIStatusBarHidden = NO;
				INFOPLIST_KEY_UIStatusBarStyle = "";
				INFOPLIST_KEY_UISupportedInterfaceOrientations = UIInterfaceOrientationPortrait;
				INFOPLIST_KEY_UISupportedInterfaceOrientations_iPad = "UIInterfaceOrientationPortrait UIInterfaceOrientationPortraitUpsideDown";
				IPHONEOS_DEPLOYMENT_TARGET = 17.0;
				LD_RUNPATH_SEARCH_PATHS = (
					"$(inherited)",
					"@executable_path/Frameworks",
				);
				MARKETING_VERSION = 1.0.2;
				PRODUCT_BUNDLE_IDENTIFIER = lauriecai.Seedling;
				PRODUCT_NAME = "$(TARGET_NAME)";
				PROVISIONING_PROFILE_SPECIFIER = "";
				SUPPORTED_PLATFORMS = "iphoneos iphonesimulator";
				SUPPORTS_MACCATALYST = NO;
				SUPPORTS_MAC_DESIGNED_FOR_IPHONE_IPAD = NO;
				SUPPORTS_XR_DESIGNED_FOR_IPHONE_IPAD = NO;
				SWIFT_EMIT_LOC_STRINGS = YES;
				SWIFT_VERSION = 5.0;
				TARGETED_DEVICE_FAMILY = 1;
			};
			name = Debug;
		};
		D36D58322B156DD200E541E4 /* Release */ = {
			isa = XCBuildConfiguration;
			buildSettings = {
				ASSETCATALOG_COMPILER_APPICON_NAME = AppIcon;
				ASSETCATALOG_COMPILER_GLOBAL_ACCENT_COLOR_NAME = ColorAccentGreen;
				ASSETCATALOG_COMPILER_INCLUDE_ALL_APPICON_ASSETS = YES;
				CODE_SIGN_IDENTITY = "Apple Development";
				CODE_SIGN_STYLE = Automatic;
				CURRENT_PROJECT_VERSION = 1;
				DEVELOPMENT_ASSET_PATHS = "\"Seedling/Preview Content\"";
				DEVELOPMENT_TEAM = 7YPJCXPNAH;
				ENABLE_PREVIEWS = YES;
				GENERATE_INFOPLIST_FILE = YES;
				INFOPLIST_FILE = Seedling/Info.plist;
				INFOPLIST_KEY_CFBundleDisplayName = Seedling;
				INFOPLIST_KEY_LSApplicationCategoryType = "public.app-category.lifestyle";
				INFOPLIST_KEY_NSCameraUsageDescription = "Seedling requires access to camera to take photos for posts.";
				INFOPLIST_KEY_NSPhotoLibraryUsageDescription = "Seedling requires access to photo library to select photos for posts.";
				INFOPLIST_KEY_UIApplicationSceneManifest_Generation = YES;
				INFOPLIST_KEY_UIApplicationSupportsIndirectInputEvents = YES;
				INFOPLIST_KEY_UILaunchScreen_Generation = YES;
				INFOPLIST_KEY_UILaunchStoryboardName = LaunchScreen.storyboard;
				INFOPLIST_KEY_UIStatusBarHidden = NO;
				INFOPLIST_KEY_UIStatusBarStyle = "";
				INFOPLIST_KEY_UISupportedInterfaceOrientations = UIInterfaceOrientationPortrait;
				INFOPLIST_KEY_UISupportedInterfaceOrientations_iPad = "UIInterfaceOrientationPortrait UIInterfaceOrientationPortraitUpsideDown";
				IPHONEOS_DEPLOYMENT_TARGET = 17.0;
				LD_RUNPATH_SEARCH_PATHS = (
					"$(inherited)",
					"@executable_path/Frameworks",
				);
				MARKETING_VERSION = 1.0.2;
				PRODUCT_BUNDLE_IDENTIFIER = lauriecai.Seedling;
				PRODUCT_NAME = "$(TARGET_NAME)";
				PROVISIONING_PROFILE_SPECIFIER = "";
				SUPPORTED_PLATFORMS = "iphoneos iphonesimulator";
				SUPPORTS_MACCATALYST = NO;
				SUPPORTS_MAC_DESIGNED_FOR_IPHONE_IPAD = NO;
				SUPPORTS_XR_DESIGNED_FOR_IPHONE_IPAD = NO;
				SWIFT_EMIT_LOC_STRINGS = YES;
				SWIFT_VERSION = 5.0;
				TARGETED_DEVICE_FAMILY = 1;
			};
			name = Release;
		};
/* End XCBuildConfiguration section */

/* Begin XCConfigurationList section */
		D36D581D2B156DD100E541E4 /* Build configuration list for PBXProject "Seedling" */ = {
			isa = XCConfigurationList;
			buildConfigurations = (
				D36D582E2B156DD200E541E4 /* Debug */,
				D36D582F2B156DD200E541E4 /* Release */,
			);
			defaultConfigurationIsVisible = 0;
			defaultConfigurationName = Release;
		};
		D36D58302B156DD200E541E4 /* Build configuration list for PBXNativeTarget "Seedling" */ = {
			isa = XCConfigurationList;
			buildConfigurations = (
				D36D58312B156DD200E541E4 /* Debug */,
				D36D58322B156DD200E541E4 /* Release */,
			);
			defaultConfigurationIsVisible = 0;
			defaultConfigurationName = Release;
		};
/* End XCConfigurationList section */

/* Begin XCRemoteSwiftPackageReference section */
		D31D2A682C95EC0D00D21BA3 /* XCRemoteSwiftPackageReference "firebase-ios-sdk" */ = {
			isa = XCRemoteSwiftPackageReference;
			repositoryURL = "https://github.com/firebase/firebase-ios-sdk";
			requirement = {
				kind = upToNextMajorVersion;
				minimumVersion = 11.2.0;
			};
		};
/* End XCRemoteSwiftPackageReference section */

/* Begin XCSwiftPackageProductDependency section */
		D31D2A692C95EC0D00D21BA3 /* FirebaseAnalytics */ = {
			isa = XCSwiftPackageProductDependency;
			package = D31D2A682C95EC0D00D21BA3 /* XCRemoteSwiftPackageReference "firebase-ios-sdk" */;
			productName = FirebaseAnalytics;
		};
		D31D2A6B2C95EC0D00D21BA3 /* FirebaseCrashlytics */ = {
			isa = XCSwiftPackageProductDependency;
			package = D31D2A682C95EC0D00D21BA3 /* XCRemoteSwiftPackageReference "firebase-ios-sdk" */;
			productName = FirebaseCrashlytics;
		};
		D31D2A6D2C95EC0D00D21BA3 /* FirebasePerformance */ = {
			isa = XCSwiftPackageProductDependency;
			package = D31D2A682C95EC0D00D21BA3 /* XCRemoteSwiftPackageReference "firebase-ios-sdk" */;
			productName = FirebasePerformance;
		};
/* End XCSwiftPackageProductDependency section */

/* Begin XCVersionGroup section */
		D3BBD89C2B68362C0061FE92 /* Seedling.xcdatamodeld */ = {
			isa = XCVersionGroup;
			children = (
				D3BBD89D2B68362C0061FE92 /* Seedling.xcdatamodel */,
			);
			currentVersion = D3BBD89D2B68362C0061FE92 /* Seedling.xcdatamodel */;
			path = Seedling.xcdatamodeld;
			sourceTree = "<group>";
			versionGroupType = wrapper.xcdatamodel;
		};
/* End XCVersionGroup section */
	};
	rootObject = D36D581A2B156DD100E541E4 /* Project object */;
}
