// !$*UTF8*$!
{
	archiveVersion = 1;
	classes = {
	};
	objectVersion = 56;
	objects = {

/* Begin PBXBuildFile section */
		D3385B432B164C330055234B /* Color.swift in Sources */ = {isa = PBXBuildFile; fileRef = D3385B422B164C330055234B /* Color.swift */; };
		D3385B5C2B165E9D0055234B /* Handjet-Regular.ttf in Resources */ = {isa = PBXBuildFile; fileRef = D3385B582B165E9D0055234B /* Handjet-Regular.ttf */; };
		D3385B5D2B165E9D0055234B /* Handjet-Bold.ttf in Resources */ = {isa = PBXBuildFile; fileRef = D3385B592B165E9D0055234B /* Handjet-Bold.ttf */; };
		D3385B5E2B165E9D0055234B /* Handjet-Medium.ttf in Resources */ = {isa = PBXBuildFile; fileRef = D3385B5A2B165E9D0055234B /* Handjet-Medium.ttf */; };
		D3385B5F2B165E9D0055234B /* Handjet-ExtraBold.ttf in Resources */ = {isa = PBXBuildFile; fileRef = D3385B5B2B165E9D0055234B /* Handjet-ExtraBold.ttf */; };
		D36D58262B156DD100E541E4 /* SeedlingApp.swift in Sources */ = {isa = PBXBuildFile; fileRef = D36D58252B156DD100E541E4 /* SeedlingApp.swift */; };
		D36D58282B156DD100E541E4 /* ContentView.swift in Sources */ = {isa = PBXBuildFile; fileRef = D36D58272B156DD100E541E4 /* ContentView.swift */; };
		D36D582A2B156DD200E541E4 /* Assets.xcassets in Resources */ = {isa = PBXBuildFile; fileRef = D36D58292B156DD200E541E4 /* Assets.xcassets */; };
		D36D582D2B156DD200E541E4 /* Preview Assets.xcassets in Resources */ = {isa = PBXBuildFile; fileRef = D36D582C2B156DD200E541E4 /* Preview Assets.xcassets */; };
/* End PBXBuildFile section */

/* Begin PBXFileReference section */
		D3385B422B164C330055234B /* Color.swift */ = {isa = PBXFileReference; lastKnownFileType = sourcecode.swift; path = Color.swift; sourceTree = "<group>"; };
		D3385B582B165E9D0055234B /* Handjet-Regular.ttf */ = {isa = PBXFileReference; lastKnownFileType = file; path = "Handjet-Regular.ttf"; sourceTree = "<group>"; };
		D3385B592B165E9D0055234B /* Handjet-Bold.ttf */ = {isa = PBXFileReference; lastKnownFileType = file; path = "Handjet-Bold.ttf"; sourceTree = "<group>"; };
		D3385B5A2B165E9D0055234B /* Handjet-Medium.ttf */ = {isa = PBXFileReference; lastKnownFileType = file; path = "Handjet-Medium.ttf"; sourceTree = "<group>"; };
		D3385B5B2B165E9D0055234B /* Handjet-ExtraBold.ttf */ = {isa = PBXFileReference; lastKnownFileType = file; path = "Handjet-ExtraBold.ttf"; sourceTree = "<group>"; };
		D3385B612B165ECE0055234B /* Info.plist */ = {isa = PBXFileReference; lastKnownFileType = text.plist.xml; path = Info.plist; sourceTree = "<group>"; };
		D36D58222B156DD100E541E4 /* Seedling.app */ = {isa = PBXFileReference; explicitFileType = wrapper.application; includeInIndex = 0; path = Seedling.app; sourceTree = BUILT_PRODUCTS_DIR; };
		D36D58252B156DD100E541E4 /* SeedlingApp.swift */ = {isa = PBXFileReference; lastKnownFileType = sourcecode.swift; path = SeedlingApp.swift; sourceTree = "<group>"; };
		D36D58272B156DD100E541E4 /* ContentView.swift */ = {isa = PBXFileReference; lastKnownFileType = sourcecode.swift; path = ContentView.swift; sourceTree = "<group>"; };
		D36D58292B156DD200E541E4 /* Assets.xcassets */ = {isa = PBXFileReference; lastKnownFileType = folder.assetcatalog; path = Assets.xcassets; sourceTree = "<group>"; };
		D36D582C2B156DD200E541E4 /* Preview Assets.xcassets */ = {isa = PBXFileReference; lastKnownFileType = folder.assetcatalog; path = "Preview Assets.xcassets"; sourceTree = "<group>"; };
/* End PBXFileReference section */

/* Begin PBXFrameworksBuildPhase section */
		D36D581F2B156DD100E541E4 /* Frameworks */ = {
			isa = PBXFrameworksBuildPhase;
			buildActionMask = 2147483647;
			files = (
			);
			runOnlyForDeploymentPostprocessing = 0;
		};
/* End PBXFrameworksBuildPhase section */

/* Begin PBXGroup section */
		D3385B442B164C3D0055234B /* Extensions */ = {
			isa = PBXGroup;
			children = (
				D3385B422B164C330055234B /* Color.swift */,
			);
			path = Extensions;
			sourceTree = "<group>";
		};
		D3385B602B165EA20055234B /* Fonts */ = {
			isa = PBXGroup;
			children = (
				D3385B582B165E9D0055234B /* Handjet-Regular.ttf */,
				D3385B5A2B165E9D0055234B /* Handjet-Medium.ttf */,
				D3385B592B165E9D0055234B /* Handjet-Bold.ttf */,
				D3385B5B2B165E9D0055234B /* Handjet-ExtraBold.ttf */,
			);
			path = Fonts;
			sourceTree = "<group>";
		};
		D36D58192B156DD100E541E4 = {
			isa = PBXGroup;
			children = (
				D36D58242B156DD100E541E4 /* Seedling */,
				D36D58232B156DD100E541E4 /* Products */,
			);
			sourceTree = "<group>";
		};
		D36D58232B156DD100E541E4 /* Products */ = {
			isa = PBXGroup;
			children = (
				D36D58222B156DD100E541E4 /* Seedling.app */,
			);
			name = Products;
			sourceTree = "<group>";
		};
		D36D58242B156DD100E541E4 /* Seedling */ = {
			isa = PBXGroup;
			children = (
				D36D58252B156DD100E541E4 /* SeedlingApp.swift */,
				D3385B442B164C3D0055234B /* Extensions */,
				D36D58272B156DD100E541E4 /* ContentView.swift */,
				D3385B602B165EA20055234B /* Fonts */,
				D36D58292B156DD200E541E4 /* Assets.xcassets */,
				D3385B612B165ECE0055234B /* Info.plist */,
				D36D582B2B156DD200E541E4 /* Preview Content */,
			);
			path = Seedling;
			sourceTree = "<group>";
		};
		D36D582B2B156DD200E541E4 /* Preview Content */ = {
			isa = PBXGroup;
			children = (
				D36D582C2B156DD200E541E4 /* Preview Assets.xcassets */,
			);
			path = "Preview Content";
			sourceTree = "<group>";
		};
/* End PBXGroup section */

/* Begin PBXNativeTarget section */
		D36D58212B156DD100E541E4 /* Seedling */ = {
			isa = PBXNativeTarget;
			buildConfigurationList = D36D58302B156DD200E541E4 /* Build configuration list for PBXNativeTarget "Seedling" */;
			buildPhases = (
				D36D581E2B156DD100E541E4 /* Sources */,
				D36D581F2B156DD100E541E4 /* Frameworks */,
				D36D58202B156DD100E541E4 /* Resources */,
			);
			buildRules = (
			);
			dependencies = (
			);
			name = Seedling;
			productName = Seedling;
			productReference = D36D58222B156DD100E541E4 /* Seedling.app */;
			productType = "com.apple.product-type.application";
		};
/* End PBXNativeTarget section */

/* Begin PBXProject section */
		D36D581A2B156DD100E541E4 /* Project object */ = {
			isa = PBXProject;
			attributes = {
				BuildIndependentTargetsInParallel = 1;
				LastSwiftUpdateCheck = 1500;
				LastUpgradeCheck = 1500;
				TargetAttributes = {
					D36D58212B156DD100E541E4 = {
						CreatedOnToolsVersion = 15.0.1;
					};
				};
			};
			buildConfigurationList = D36D581D2B156DD100E541E4 /* Build configuration list for PBXProject "Seedling" */;
			compatibilityVersion = "Xcode 14.0";
			developmentRegion = en;
			hasScannedForEncodings = 0;
			knownRegions = (
				en,
				Base,
			);
			mainGroup = D36D58192B156DD100E541E4;
			productRefGroup = D36D58232B156DD100E541E4 /* Products */;
			projectDirPath = "";
			projectRoot = "";
			targets = (
				D36D58212B156DD100E541E4 /* Seedling */,
			);
		};
/* End PBXProject section */

/* Begin PBXResourcesBuildPhase section */
		D36D58202B156DD100E541E4 /* Resources */ = {
			isa = PBXResourcesBuildPhase;
			buildActionMask = 2147483647;
			files = (
				D3385B5E2B165E9D0055234B /* Handjet-Medium.ttf in Resources */,
				D3385B5D2B165E9D0055234B /* Handjet-Bold.ttf in Resources */,
				D3385B5C2B165E9D0055234B /* Handjet-Regular.ttf in Resources */,
				D3385B5F2B165E9D0055234B /* Handjet-ExtraBold.ttf in Resources */,
				D36D582D2B156DD200E541E4 /* Preview Assets.xcassets in Resources */,
				D36D582A2B156DD200E541E4 /* Assets.xcassets in Resources */,
			);
			runOnlyForDeploymentPostprocessing = 0;
		};
/* End PBXResourcesBuildPhase section */

/* Begin PBXSourcesBuildPhase section */
		D36D581E2B156DD100E541E4 /* Sources */ = {
			isa = PBXSourcesBuildPhase;
			buildActionMask = 2147483647;
			files = (
				D36D58282B156DD100E541E4 /* ContentView.swift in Sources */,
				D36D58262B156DD100E541E4 /* SeedlingApp.swift in Sources */,
				D3385B432B164C330055234B /* Color.swift in Sources */,
			);
			runOnlyForDeploymentPostprocessing = 0;
		};
/* End PBXSourcesBuildPhase section */

/* Begin XCBuildConfiguration section */
		D36D582E2B156DD200E541E4 /* Debug */ = {
			isa = XCBuildConfiguration;
			buildSettings = {
				ALWAYS_SEARCH_USER_PATHS = NO;
				ASSETCATALOG_COMPILER_GENERATE_SWIFT_ASSET_SYMBOL_EXTENSIONS = YES;
				CLANG_ANALYZER_NONNULL = YES;
				CLANG_ANALYZER_NUMBER_OBJECT_CONVERSION = YES_AGGRESSIVE;
				CLANG_CXX_LANGUAGE_STANDARD = "gnu++20";
				CLANG_ENABLE_MODULES = YES;
				CLANG_ENABLE_OBJC_ARC = YES;
				CLANG_ENABLE_OBJC_WEAK = YES;
				CLANG_WARN_BLOCK_CAPTURE_AUTORELEASING = YES;
				CLANG_WARN_BOOL_CONVERSION = YES;
				CLANG_WARN_COMMA = YES;
				CLANG_WARN_CONSTANT_CONVERSION = YES;
				CLANG_WARN_DEPRECATED_OBJC_IMPLEMENTATIONS = YES;
				CLANG_WARN_DIRECT_OBJC_ISA_USAGE = YES_ERROR;
				CLANG_WARN_DOCUMENTATION_COMMENTS = YES;
				CLANG_WARN_EMPTY_BODY = YES;
				CLANG_WARN_ENUM_CONVERSION = YES;
				CLANG_WARN_INFINITE_RECURSION = YES;
				CLANG_WARN_INT_CONVERSION = YES;
				CLANG_WARN_NON_LITERAL_NULL_CONVERSION = YES;
				CLANG_WARN_OBJC_IMPLICIT_RETAIN_SELF = YES;
				CLANG_WARN_OBJC_LITERAL_CONVERSION = YES;
				CLANG_WARN_OBJC_ROOT_CLASS = YES_ERROR;
				CLANG_WARN_QUOTED_INCLUDE_IN_FRAMEWORK_HEADER = YES;
				CLANG_WARN_RANGE_LOOP_ANALYSIS = YES;
				CLANG_WARN_STRICT_PROTOTYPES = YES;
				CLANG_WARN_SUSPICIOUS_MOVE = YES;
				CLANG_WARN_UNGUARDED_AVAILABILITY = YES_AGGRESSIVE;
				CLANG_WARN_UNREACHABLE_CODE = YES;
				CLANG_WARN__DUPLICATE_METHOD_MATCH = YES;
				COPY_PHASE_STRIP = NO;
				DEBUG_INFORMATION_FORMAT = dwarf;
				ENABLE_STRICT_OBJC_MSGSEND = YES;
				ENABLE_TESTABILITY = YES;
				ENABLE_USER_SCRIPT_SANDBOXING = YES;
				GCC_C_LANGUAGE_STANDARD = gnu17;
				GCC_DYNAMIC_NO_PIC = NO;
				GCC_NO_COMMON_BLOCKS = YES;
				GCC_OPTIMIZATION_LEVEL = 0;
				GCC_PREPROCESSOR_DEFINITIONS = (
					"DEBUG=1",
					"$(inherited)",
				);
				GCC_WARN_64_TO_32_BIT_CONVERSION = YES;
				GCC_WARN_ABOUT_RETURN_TYPE = YES_ERROR;
				GCC_WARN_UNDECLARED_SELECTOR = YES;
				GCC_WARN_UNINITIALIZED_AUTOS = YES_AGGRESSIVE;
				GCC_WARN_UNUSED_FUNCTION = YES;
				GCC_WARN_UNUSED_VARIABLE = YES;
				IPHONEOS_DEPLOYMENT_TARGET = 17.0;
				LOCALIZATION_PREFERS_STRING_CATALOGS = YES;
				MTL_ENABLE_DEBUG_INFO = INCLUDE_SOURCE;
				MTL_FAST_MATH = YES;
				ONLY_ACTIVE_ARCH = YES;
				SDKROOT = iphoneos;
				SWIFT_ACTIVE_COMPILATION_CONDITIONS = "DEBUG $(inherited)";
				SWIFT_OPTIMIZATION_LEVEL = "-Onone";
			};
			name = Debug;
		};
		D36D582F2B156DD200E541E4 /* Release */ = {
			isa = XCBuildConfiguration;
			buildSettings = {
				ALWAYS_SEARCH_USER_PATHS = NO;
				ASSETCATALOG_COMPILER_GENERATE_SWIFT_ASSET_SYMBOL_EXTENSIONS = YES;
				CLANG_ANALYZER_NONNULL = YES;
				CLANG_ANALYZER_NUMBER_OBJECT_CONVERSION = YES_AGGRESSIVE;
				CLANG_CXX_LANGUAGE_STANDARD = "gnu++20";
				CLANG_ENABLE_MODULES = YES;
				CLANG_ENABLE_OBJC_ARC = YES;
				CLANG_ENABLE_OBJC_WEAK = YES;
				CLANG_WARN_BLOCK_CAPTURE_AUTORELEASING = YES;
				CLANG_WARN_BOOL_CONVERSION = YES;
				CLANG_WARN_COMMA = YES;
				CLANG_WARN_CONSTANT_CONVERSION = YES;
				CLANG_WARN_DEPRECATED_OBJC_IMPLEMENTATIONS = YES;
				CLANG_WARN_DIRECT_OBJC_ISA_USAGE = YES_ERROR;
				CLANG_WARN_DOCUMENTATION_COMMENTS = YES;
				CLANG_WARN_EMPTY_BODY = YES;
				CLANG_WARN_ENUM_CONVERSION = YES;
				CLANG_WARN_INFINITE_RECURSION = YES;
				CLANG_WARN_INT_CONVERSION = YES;
				CLANG_WARN_NON_LITERAL_NULL_CONVERSION = YES;
				CLANG_WARN_OBJC_IMPLICIT_RETAIN_SELF = YES;
				CLANG_WARN_OBJC_LITERAL_CONVERSION = YES;
				CLANG_WARN_OBJC_ROOT_CLASS = YES_ERROR;
				CLANG_WARN_QUOTED_INCLUDE_IN_FRAMEWORK_HEADER = YES;
				CLANG_WARN_RANGE_LOOP_ANALYSIS = YES;
				CLANG_WARN_STRICT_PROTOTYPES = YES;
				CLANG_WARN_SUSPICIOUS_MOVE = YES;
				CLANG_WARN_UNGUARDED_AVAILABILITY = YES_AGGRESSIVE;
				CLANG_WARN_UNREACHABLE_CODE = YES;
				CLANG_WARN__DUPLICATE_METHOD_MATCH = YES;
				COPY_PHASE_STRIP = NO;
				DEBUG_INFORMATION_FORMAT = "dwarf-with-dsym";
				ENABLE_NS_ASSERTIONS = NO;
				ENABLE_STRICT_OBJC_MSGSEND = YES;
				ENABLE_USER_SCRIPT_SANDBOXING = YES;
				GCC_C_LANGUAGE_STANDARD = gnu17;
				GCC_NO_COMMON_BLOCKS = YES;
				GCC_WARN_64_TO_32_BIT_CONVERSION = YES;
				GCC_WARN_ABOUT_RETURN_TYPE = YES_ERROR;
				GCC_WARN_UNDECLARED_SELECTOR = YES;
				GCC_WARN_UNINITIALIZED_AUTOS = YES_AGGRESSIVE;
				GCC_WARN_UNUSED_FUNCTION = YES;
				GCC_WARN_UNUSED_VARIABLE = YES;
				IPHONEOS_DEPLOYMENT_TARGET = 17.0;
				LOCALIZATION_PREFERS_STRING_CATALOGS = YES;
				MTL_ENABLE_DEBUG_INFO = NO;
				MTL_FAST_MATH = YES;
				SDKROOT = iphoneos;
				SWIFT_COMPILATION_MODE = wholemodule;
				VALIDATE_PRODUCT = YES;
			};
			name = Release;
		};
		D36D58312B156DD200E541E4 /* Debug */ = {
			isa = XCBuildConfiguration;
			buildSettings = {
				ASSETCATALOG_COMPILER_APPICON_NAME = AppIcon;
				ASSETCATALOG_COMPILER_GLOBAL_ACCENT_COLOR_NAME = AccentColor;
				CODE_SIGN_STYLE = Automatic;
				CURRENT_PROJECT_VERSION = 1;
				DEVELOPMENT_ASSET_PATHS = "\"Seedling/Preview Content\"";
				DEVELOPMENT_TEAM = 7YPJCXPNAH;
				ENABLE_PREVIEWS = YES;
				GENERATE_INFOPLIST_FILE = YES;
				INFOPLIST_FILE = Seedling/Info.plist;
				INFOPLIST_KEY_UIApplicationSceneManifest_Generation = YES;
				INFOPLIST_KEY_UIApplicationSupportsIndirectInputEvents = YES;
				INFOPLIST_KEY_UILaunchScreen_Generation = YES;
				INFOPLIST_KEY_UISupportedInterfaceOrientations_iPad = "UIInterfaceOrientationPortrait UIInterfaceOrientationPortraitUpsideDown UIInterfaceOrientationLandscapeLeft UIInterfaceOrientationLandscapeRight";
				INFOPLIST_KEY_UISupportedInterfaceOrientations_iPhone = "UIInterfaceOrientationPortrait UIInterfaceOrientationLandscapeLeft UIInterfaceOrientationLandscapeRight";
				LD_RUNPATH_SEARCH_PATHS = (
					"$(inherited)",
					"@executable_path/Frameworks",
				);
				MARKETING_VERSION = 1.0;
				PRODUCT_BUNDLE_IDENTIFIER = lauriecai.Seedling;
				PRODUCT_NAME = "$(TARGET_NAME)";
				SWIFT_EMIT_LOC_STRINGS = YES;
				SWIFT_VERSION = 5.0;
				TARGETED_DEVICE_FAMILY = "1,2";
			};
			name = Debug;
		};
		D36D58322B156DD200E541E4 /* Release */ = {
			isa = XCBuildConfiguration;
			buildSettings = {
				ASSETCATALOG_COMPILER_APPICON_NAME = AppIcon;
				ASSETCATALOG_COMPILER_GLOBAL_ACCENT_COLOR_NAME = AccentColor;
				CODE_SIGN_STYLE = Automatic;
				CURRENT_PROJECT_VERSION = 1;
				DEVELOPMENT_ASSET_PATHS = "\"Seedling/Preview Content\"";
				DEVELOPMENT_TEAM = 7YPJCXPNAH;
				ENABLE_PREVIEWS = YES;
				GENERATE_INFOPLIST_FILE = YES;
				INFOPLIST_FILE = Seedling/Info.plist;
				INFOPLIST_KEY_UIApplicationSceneManifest_Generation = YES;
				INFOPLIST_KEY_UIApplicationSupportsIndirectInputEvents = YES;
				INFOPLIST_KEY_UILaunchScreen_Generation = YES;
				INFOPLIST_KEY_UISupportedInterfaceOrientations_iPad = "UIInterfaceOrientationPortrait UIInterfaceOrientationPortraitUpsideDown UIInterfaceOrientationLandscapeLeft UIInterfaceOrientationLandscapeRight";
				INFOPLIST_KEY_UISupportedInterfaceOrientations_iPhone = "UIInterfaceOrientationPortrait UIInterfaceOrientationLandscapeLeft UIInterfaceOrientationLandscapeRight";
				LD_RUNPATH_SEARCH_PATHS = (
					"$(inherited)",
					"@executable_path/Frameworks",
				);
				MARKETING_VERSION = 1.0;
				PRODUCT_BUNDLE_IDENTIFIER = lauriecai.Seedling;
				PRODUCT_NAME = "$(TARGET_NAME)";
				SWIFT_EMIT_LOC_STRINGS = YES;
				SWIFT_VERSION = 5.0;
				TARGETED_DEVICE_FAMILY = "1,2";
			};
			name = Release;
		};
/* End XCBuildConfiguration section */

/* Begin XCConfigurationList section */
		D36D581D2B156DD100E541E4 /* Build configuration list for PBXProject "Seedling" */ = {
			isa = XCConfigurationList;
			buildConfigurations = (
				D36D582E2B156DD200E541E4 /* Debug */,
				D36D582F2B156DD200E541E4 /* Release */,
			);
			defaultConfigurationIsVisible = 0;
			defaultConfigurationName = Release;
		};
		D36D58302B156DD200E541E4 /* Build configuration list for PBXNativeTarget "Seedling" */ = {
			isa = XCConfigurationList;
			buildConfigurations = (
				D36D58312B156DD200E541E4 /* Debug */,
				D36D58322B156DD200E541E4 /* Release */,
			);
			defaultConfigurationIsVisible = 0;
			defaultConfigurationName = Release;
		};
/* End XCConfigurationList section */
	};
	rootObject = D36D581A2B156DD100E541E4 /* Project object */;
}
